
Microsoft Visual Studio Solution File, Format Version 11.00
# Visual Studio 2010
Project("{FAE04EC0-301F-11D3-BF4B-00C04F79EFBC}") = "ActionBar", "ActionBar\ActionBar.csproj", "{882C3AB7-555F-4B1D-B6C3-EF4840A6F5A0}"
EndProject
Global
	GlobalSection(SolutionConfigurationPlatforms) = preSolution
		Debug|Any CPU = Debug|Any CPU
		Release|Any CPU = Release|Any CPU
	EndGlobalSection
	GlobalSection(ProjectConfigurationPlatforms) = postSolution
		{882C3AB7-555F-4B1D-B6C3-EF4840A6F5A0}.Debug|Any CPU.ActiveCfg = Debug|Any CPU
		{882C3AB7-555F-4B1D-B6C3-EF4840A6F5A0}.Debug|Any CPU.Build.0 = Debug|Any CPU
		{882C3AB7-555F-4B1D-B6C3-EF4840A6F5A0}.Debug|Any CPU.Deploy.0 = Debug|Any CPU
		{882C3AB7-555F-4B1D-B6C3-EF4840A6F5A0}.Release|Any CPU.ActiveCfg = Release|Any CPU
		{882C3AB7-555F-4B1D-B6C3-EF4840A6F5A0}.Release|Any CPU.Build.0 = Release|Any CPU
		{882C3AB7-555F-4B1D-B6C3-EF4840A6F5A0}.Release|Any CPU.Deploy.0 = Release|Any CPU
	EndGlobalSection
	GlobalSection(SolutionProperties) = preSolution
		HideSolutionNode = FALSE
	EndGlobalSection
EndGlobal
